
Microsoft Visual Studio Solution File, Format Version 12.00
# Visual Studio 2013
VisualStudioVersion = 12.0.31101.0
MinimumVisualStudioVersion = 10.0.40219.1
Project("{FAE04EC0-301F-11D3-BF4B-00C04F79EFBC}") = "Task2", "Task2\Task2.csproj", "{DAD0ADD8-9D48-426B-9B96-2567158AA56D}"
EndProject
Project("{FAE04EC0-301F-11D3-BF4B-00C04F79EFBC}") = "Task2.Tests", "Task2.Tests\Task2.Tests.csproj", "{A59C2C0D-9ED5-4B35-9579-C8FFE9A293A6}"
EndProject
Global
	GlobalSection(SolutionConfigurationPlatforms) = preSolution
		Debug|Any CPU = Debug|Any CPU
		Release|Any CPU = Release|Any CPU
	EndGlobalSection
	GlobalSection(ProjectConfigurationPlatforms) = postSolution
		{DAD0ADD8-9D48-426B-9B96-2567158AA56D}.Debug|Any CPU.ActiveCfg = Debug|Any CPU
		{DAD0ADD8-9D48-426B-9B96-2567158AA56D}.Debug|Any CPU.Build.0 = Debug|Any CPU
		{DAD0ADD8-9D48-426B-9B96-2567158AA56D}.Release|Any CPU.ActiveCfg = Release|Any CPU
		{DAD0ADD8-9D48-426B-9B96-2567158AA56D}.Release|Any CPU.Build.0 = Release|Any CPU
		{A59C2C0D-9ED5-4B35-9579-C8FFE9A293A6}.Debug|Any CPU.ActiveCfg = Debug|Any CPU
		{A59C2C0D-9ED5-4B35-9579-C8FFE9A293A6}.Debug|Any CPU.Build.0 = Debug|Any CPU
		{A59C2C0D-9ED5-4B35-9579-C8FFE9A293A6}.Release|Any CPU.ActiveCfg = Release|Any CPU
		{A59C2C0D-9ED5-4B35-9579-C8FFE9A293A6}.Release|Any CPU.Build.0 = Release|Any CPU
	EndGlobalSection
	GlobalSection(SolutionProperties) = preSolution
		HideSolutionNode = FALSE
	EndGlobalSection
EndGlobal
